
Microsoft Visual Studio Solution File, Format Version 12.00
# Visual Studio Version 16
VisualStudioVersion = 16.0.30406.217
MinimumVisualStudioVersion = 10.0.40219.1
Project("{FAE04EC0-301F-11D3-BF4B-00C04F79EFBC}") = "Demo_SimpleInheritance", "Demo_SimpleInheritance\Demo_SimpleInheritance.csproj", "{D3D60F19-37A7-4614-AA03-993E86AC9C3C}"
EndProject
Global
	GlobalSection(SolutionConfigurationPlatforms) = preSolution
		Debug|Any CPU = Debug|Any CPU
		Release|Any CPU = Release|Any CPU
	EndGlobalSection
	GlobalSection(ProjectConfigurationPlatforms) = postSolution
		{D3D60F19-37A7-4614-AA03-993E86AC9C3C}.Debug|Any CPU.ActiveCfg = Debug|Any CPU
		{D3D60F19-37A7-4614-AA03-993E86AC9C3C}.Debug|Any CPU.Build.0 = Debug|Any CPU
		{D3D60F19-37A7-4614-AA03-993E86AC9C3C}.Release|Any CPU.ActiveCfg = Release|Any CPU
		{D3D60F19-37A7-4614-AA03-993E86AC9C3C}.Release|Any CPU.Build.0 = Release|Any CPU
	EndGlobalSection
	GlobalSection(SolutionProperties) = preSolution
		HideSolutionNode = FALSE
	EndGlobalSection
	GlobalSection(ExtensibilityGlobals) = postSolution
		SolutionGuid = {CFBFCDFB-59D5-4816-933D-29D06CDE704A}
	EndGlobalSection
EndGlobal
